
Microsoft Visual Studio Solution File, Format Version 12.00
# Visual Studio 2013
VisualStudioVersion = 12.0.30110.0
MinimumVisualStudioVersion = 10.0.40219.1
Project("{FAE04EC0-301F-11D3-BF4B-00C04F79EFBC}") = "FSharp31Test", "..\AzureTest\AzureTest\FSharp31Test.csproj", "{18099D36-8A5E-44BC-86DF-E274D4341D52}"
EndProject
Project("{F2A71F9B-5D33-465A-A702-920D77279786}") = "FSharp31Test.WebApp", "..\AzureTest\AzureTest.WebApp\FSharp31Test.WebApp.fsproj", "{0DB4B582-9CF9-40AE-9223-ECC66AAA3172}"
EndProject
Global
	GlobalSection(SolutionConfigurationPlatforms) = preSolution
		Debug|Any CPU = Debug|Any CPU
		Release|Any CPU = Release|Any CPU
	EndGlobalSection
	GlobalSection(ProjectConfigurationPlatforms) = postSolution
		{18099D36-8A5E-44BC-86DF-E274D4341D52}.Debug|Any CPU.ActiveCfg = Debug|Any CPU
		{18099D36-8A5E-44BC-86DF-E274D4341D52}.Debug|Any CPU.Build.0 = Debug|Any CPU
		{18099D36-8A5E-44BC-86DF-E274D4341D52}.Release|Any CPU.ActiveCfg = Release|Any CPU
		{18099D36-8A5E-44BC-86DF-E274D4341D52}.Release|Any CPU.Build.0 = Release|Any CPU
		{0DB4B582-9CF9-40AE-9223-ECC66AAA3172}.Debug|Any CPU.ActiveCfg = Debug|Any CPU
		{0DB4B582-9CF9-40AE-9223-ECC66AAA3172}.Debug|Any CPU.Build.0 = Debug|Any CPU
		{0DB4B582-9CF9-40AE-9223-ECC66AAA3172}.Release|Any CPU.ActiveCfg = Release|Any CPU
		{0DB4B582-9CF9-40AE-9223-ECC66AAA3172}.Release|Any CPU.Build.0 = Release|Any CPU
	EndGlobalSection
	GlobalSection(SolutionProperties) = preSolution
		HideSolutionNode = FALSE
	EndGlobalSection
EndGlobal
