
Microsoft Visual Studio Solution File, Format Version 12.00
# Visual Studio 2013
VisualStudioVersion = 12.0.30110.0
MinimumVisualStudioVersion = 10.0.40219.1
Project("{F2A71F9B-5D33-465A-A702-920D77279786}") = "FSharp31MVCApp", "FSharp31MVCApp\FSharp31MVCApp.fsproj", "{C780F8B1-CE83-4265-A54E-F0E876BF3EB7}"
EndProject
Project("{2150E333-8FDC-42A3-9474-1A3956D46DE8}") = ".nuget", ".nuget", "{4D92AEF9-92F7-4DAA-A0F3-134FD44F7C19}"
	ProjectSection(SolutionItems) = preProject
		.nuget\packages.config = .nuget\packages.config
	EndProjectSection
EndProject
Global
	GlobalSection(SolutionConfigurationPlatforms) = preSolution
		Debug|Any CPU = Debug|Any CPU
		Release|Any CPU = Release|Any CPU
	EndGlobalSection
	GlobalSection(ProjectConfigurationPlatforms) = postSolution
		{C780F8B1-CE83-4265-A54E-F0E876BF3EB7}.Debug|Any CPU.ActiveCfg = Debug|Any CPU
		{C780F8B1-CE83-4265-A54E-F0E876BF3EB7}.Debug|Any CPU.Build.0 = Debug|Any CPU
		{C780F8B1-CE83-4265-A54E-F0E876BF3EB7}.Release|Any CPU.ActiveCfg = Release|Any CPU
		{C780F8B1-CE83-4265-A54E-F0E876BF3EB7}.Release|Any CPU.Build.0 = Release|Any CPU
	EndGlobalSection
	GlobalSection(SolutionProperties) = preSolution
		HideSolutionNode = FALSE
	EndGlobalSection
EndGlobal
